
Microsoft Visual Studio Solution File, Format Version 12.00
# Visual Studio Version 17
VisualStudioVersion = 17.14.36414.22
MinimumVisualStudioVersion = 10.0.40219.1
Project("{2150E333-8FDC-42A3-9474-1A3956D46DE8}") = "Solution Items", "Solution Items", "{8EC462FD-D22E-90A8-E5CE-7E832BA40C5D}"
	ProjectSection(SolutionItems) = preProject
		about.html = about.html
		copyright.html = copyright.html
		home.html = home.html
		index.html = index.html
		list.html = list.html
		policy.html = policy.html
		restaurants.html = restaurants.html
		style.css = style.css
		thanks.html = thanks.html
	EndProjectSection
EndProject
Global
	GlobalSection(SolutionProperties) = preSolution
		HideSolutionNode = FALSE
	EndGlobalSection
	GlobalSection(ExtensibilityGlobals) = postSolution
		SolutionGuid = {DCDB971C-ED91-4D0C-A6B5-873C9447555A}
	EndGlobalSection
EndGlobal
